<?xml version="1.0" encoding="utf-8"?>
<Project ToolsVersion="4.0" xmlns="http://schemas.microsoft.com/developer/msbuild/2003">
  <ItemGroup>
    <Filter Include="Source Files">
      <UniqueIdentifier>{4FC737F1-C7A5-4376-A066-2A32D752A2FF}</UniqueIdentifier>
      <Extensions>cpp;c;cc;cxx;def;odl;idl;hpj;bat;asm;asmx</Extensions>
    </Filter>
    <Filter Include="Header Files">
      <UniqueIdentifier>{93995380-89BD-4b04-88EB-625FBE52EBFB}</UniqueIdentifier>
      <Extensions>h;hpp;hxx;hm;inl;inc;xsd</Extensions>
    </Filter>
    <Filter Include="Resource Files">
      <UniqueIdentifier>{67DA6AB6-F800-4c08-8B7A-83BB121AAD01}</UniqueIdentifier>
      <Extensions>rc;ico;cur;bmp;dlg;rc2;rct;bin;rgs;gif;jpg;jpeg;jpe;resx;tiff;tif;png;wav;mfcribbon-ms</Extensions>
    </Filter>
    <Filter Include="Source Files\Policies">
      <UniqueIdentifier>{66296768-ce89-4756-8f20-c8292ee69013}</UniqueIdentifier>
    </Filter>
    <Filter Include="Header Files\Policies">
      <UniqueIdentifier>{a4d514f8-28d2-43ee-aa66-9e96b6bb9d1c}</UniqueIdentifier>
    </Filter>
  </ItemGroup>
  <ItemGroup>
    <None Include="ReadMe.txt" />
  </ItemGroup>
  <ItemGroup>
    <ClInclude Include="COP97A.h">
      <Filter>Header Files</Filter>
    </ClInclude>
    <ClInclude Include="REAP1.h">
      <Filter>Header Files</Filter>
    </ClInclude>
    <ClInclude Include="TabQLearning.h">
      <Filter>Header Files</Filter>
    </ClInclude>
    <ClInclude Include="AppQLearning.h">
      <Filter>Header Files</Filter>
    </ClInclude>
    <ClInclude Include="AppQLearningPolicy.h">
      <Filter>Header Files\Policies</Filter>
    </ClInclude>
    <ClInclude Include="REAP1Policy.h">
      <Filter>Header Files\Policies</Filter>
    </ClInclude>
    <ClInclude Include="TabQLearningPolicy.h">
      <Filter>Header Files\Policies</Filter>
    </ClInclude>
  </ItemGroup>
  <ItemGroup>
    <ClCompile Include="COP97A.cpp">
      <Filter>Source Files</Filter>
    </ClCompile>
    <ClCompile Include="REAP1.cpp">
      <Filter>Source Files</Filter>
    </ClCompile>
    <ClCompile Include="TabQLearning.cpp">
      <Filter>Source Files</Filter>
    </ClCompile>
    <ClCompile Include="AppQLearning.cpp">
      <Filter>Source Files</Filter>
    </ClCompile>
    <ClCompile Include="REAP1Policy.cpp">
      <Filter>Source Files\Policies</Filter>
    </ClCompile>
    <ClCompile Include="TabQLearningPolicy.cpp">
      <Filter>Source Files\Policies</Filter>
    </ClCompile>
    <ClCompile Include="AppQLearningPolicy.cpp">
      <Filter>Source Files\Policies</Filter>
    </ClCompile>
  </ItemGroup>
</Project>